Microsoft Visual Studio Solution File, Format Version 11.00
# Visual Studio 2010
Project("{8BC9CEB8-8B4A-11D0-8D11-00A0C91BC942}") = "Player", "Player\Player.vcxproj", "{6D5D4CA2-BF21-CE2E-A454-8AEB134A2DA3}"
EndProject
Project("{8BC9CEB8-8B4A-11D0-8D11-00A0C91BC942}") = "Producer", "Producer\Producer.vcxproj", "{DCC02CD1-D02A-26AD-0D9A-E17684BC4D41}"
EndProject
Project("{8BC9CEB8-8B4A-11D0-8D11-00A0C91BC942}") = "hook", "hook\hook.vcxproj", "{D2C924B1-7CA2-CC51-AC44-C33AF88F98A1}"
EndProject
Project("{8BC9CEB8-8B4A-11D0-8D11-00A0C91BC942}") = "playplus", "PlayerPlus\playplus.vcxproj", "{A2A438A2-21DC-61A7-F7F8-69EE89CD8710}"
EndProject
Project("{8BC9CEB8-8B4A-11D0-8D11-00A0C91BC942}") = "vscap", "vscap.vcxproj", "{BE2546BE-8542-EE0F-25D8-A60892B48001}"
EndProject
Global
	GlobalSection(SolutionConfigurationPlatforms) = preSolution
		Debug|Win32 = Debug|Win32
		Release|Win32 = Release|Win32
	EndGlobalSection
	GlobalSection(ProjectConfigurationPlatforms) = postSolution
		{6D5D4CA2-BF21-CE2E-A454-8AEB134A2DA3}.Debug|Win32.ActiveCfg = Debug|Win32
		{6D5D4CA2-BF21-CE2E-A454-8AEB134A2DA3}.Release|Win32.ActiveCfg = Release|Win32
		{DCC02CD1-D02A-26AD-0D9A-E17684BC4D41}.Debug|Win32.ActiveCfg = Debug|Win32
		{DCC02CD1-D02A-26AD-0D9A-E17684BC4D41}.Release|Win32.ActiveCfg = Release|Win32
		{D2C924B1-7CA2-CC51-AC44-C33AF88F98A1}.Debug|Win32.ActiveCfg = Debug|Win32
		{D2C924B1-7CA2-CC51-AC44-C33AF88F98A1}.Release|Win32.ActiveCfg = Release|Win32
		{A2A438A2-21DC-61A7-F7F8-69EE89CD8710}.Debug|Win32.ActiveCfg = Debug|Win32
		{A2A438A2-21DC-61A7-F7F8-69EE89CD8710}.Release|Win32.ActiveCfg = Release|Win32
		{BE2546BE-8542-EE0F-25D8-A60892B48001}.Debug|Win32.ActiveCfg = Debug|Win32
		{BE2546BE-8542-EE0F-25D8-A60892B48001}.Release|Win32.ActiveCfg = Release|Win32
	EndGlobalSection
	GlobalSection(SolutionProperties) = preSolution
		HideSolutionNode = FALSE
	EndGlobalSection
EndGlobal
